
Microsoft Visual Studio Solution File, Format Version 12.00
# Visual Studio 15
VisualStudioVersion = 15.0.28307.329
MinimumVisualStudioVersion = 10.0.40219.1
Project("{FAE04EC0-301F-11D3-BF4B-00C04F79EFBC}") = "API", "API\API.csproj", "{0FFCA877-6C55-4727-9CE2-B51D03B8E3BF}"
EndProject
Project("{FAE04EC0-301F-11D3-BF4B-00C04F79EFBC}") = "API.Tests", "API.Tests\API.Tests.csproj", "{FF7F6630-C832-4464-A292-63CF9C662E56}"
EndProject
Global
	GlobalSection(SolutionConfigurationPlatforms) = preSolution
		Debug|Any CPU = Debug|Any CPU
		Release|Any CPU = Release|Any CPU
	EndGlobalSection
	GlobalSection(ProjectConfigurationPlatforms) = postSolution
		{0FFCA877-6C55-4727-9CE2-B51D03B8E3BF}.Debug|Any CPU.ActiveCfg = Debug|Any CPU
		{0FFCA877-6C55-4727-9CE2-B51D03B8E3BF}.Debug|Any CPU.Build.0 = Debug|Any CPU
		{0FFCA877-6C55-4727-9CE2-B51D03B8E3BF}.Release|Any CPU.ActiveCfg = Release|Any CPU
		{0FFCA877-6C55-4727-9CE2-B51D03B8E3BF}.Release|Any CPU.Build.0 = Release|Any CPU
		{FF7F6630-C832-4464-A292-63CF9C662E56}.Debug|Any CPU.ActiveCfg = Debug|Any CPU
		{FF7F6630-C832-4464-A292-63CF9C662E56}.Debug|Any CPU.Build.0 = Debug|Any CPU
		{FF7F6630-C832-4464-A292-63CF9C662E56}.Release|Any CPU.ActiveCfg = Release|Any CPU
		{FF7F6630-C832-4464-A292-63CF9C662E56}.Release|Any CPU.Build.0 = Release|Any CPU
	EndGlobalSection
	GlobalSection(SolutionProperties) = preSolution
		HideSolutionNode = FALSE
	EndGlobalSection
	GlobalSection(ExtensibilityGlobals) = postSolution
		SolutionGuid = {CD295480-6E49-4DDD-8CF2-338102D98E7C}
	EndGlobalSection
EndGlobal
